
Microsoft Visual Studio Solution File, Format Version 12.00
# Visual Studio Version 17
VisualStudioVersion = 17.7.34024.191
MinimumVisualStudioVersion = 10.0.40219.1
Project("{9A19103F-16F7-4668-BE54-9A1E7A4F7556}") = "Groep8ASP", "Groep8ASP\Groep8ASP.csproj", "{7694C802-0398-43B7-8ED3-D6A86203DCD8}"
EndProject
Project("{FAE04EC0-301F-11D3-BF4B-00C04F79EFBC}") = "Blok1UnitTests", "Blok1UnitTests\Blok1UnitTests.csproj", "{DFB7496C-BD91-454C-B846-2B20B8CFC765}"
EndProject
Global
	GlobalSection(SolutionConfigurationPlatforms) = preSolution
		Debug|Any CPU = Debug|Any CPU
		Release|Any CPU = Release|Any CPU
	EndGlobalSection
	GlobalSection(ProjectConfigurationPlatforms) = postSolution
		{7694C802-0398-43B7-8ED3-D6A86203DCD8}.Debug|Any CPU.ActiveCfg = Debug|Any CPU
		{7694C802-0398-43B7-8ED3-D6A86203DCD8}.Debug|Any CPU.Build.0 = Debug|Any CPU
		{7694C802-0398-43B7-8ED3-D6A86203DCD8}.Release|Any CPU.ActiveCfg = Release|Any CPU
		{7694C802-0398-43B7-8ED3-D6A86203DCD8}.Release|Any CPU.Build.0 = Release|Any CPU
		{DFB7496C-BD91-454C-B846-2B20B8CFC765}.Debug|Any CPU.ActiveCfg = Debug|Any CPU
		{DFB7496C-BD91-454C-B846-2B20B8CFC765}.Debug|Any CPU.Build.0 = Debug|Any CPU
		{DFB7496C-BD91-454C-B846-2B20B8CFC765}.Release|Any CPU.ActiveCfg = Release|Any CPU
		{DFB7496C-BD91-454C-B846-2B20B8CFC765}.Release|Any CPU.Build.0 = Release|Any CPU
	EndGlobalSection
	GlobalSection(SolutionProperties) = preSolution
		HideSolutionNode = FALSE
	EndGlobalSection
	GlobalSection(ExtensibilityGlobals) = postSolution
		SolutionGuid = {FC76B533-4E0B-4423-B462-8DAB57A806CA}
	EndGlobalSection
EndGlobal
